// !$*UTF8*$!
{
	archiveVersion = 1;
	classes = {
	};
	objectVersion = 56;
	objects = {

/* Begin PBXBuildFile section */
		20FF4B9C2A396A0000B81120 /* AppDelegate.swift in Sources */ = {isa = PBXBuildFile; fileRef = 20FF4B9B2A396A0000B81120 /* AppDelegate.swift */; };
		20FF4B9E2A396A0000B81120 /* SceneDelegate.swift in Sources */ = {isa = PBXBuildFile; fileRef = 20FF4B9D2A396A0000B81120 /* SceneDelegate.swift */; };
		20FF4BA02A396A0000B81120 /* ViewController.swift in Sources */ = {isa = PBXBuildFile; fileRef = 20FF4B9F2A396A0000B81120 /* ViewController.swift */; };
		20FF4BA32A396A0000B81120 /* Main.storyboard in Resources */ = {isa = PBXBuildFile; fileRef = 20FF4BA12A396A0000B81120 /* Main.storyboard */; };
		20FF4BA52A396A0100B81120 /* Assets.xcassets in Resources */ = {isa = PBXBuildFile; fileRef = 20FF4BA42A396A0100B81120 /* Assets.xcassets */; };
		20FF4BA82A396A0100B81120 /* LaunchScreen.storyboard in Resources */ = {isa = PBXBuildFile; fileRef = 20FF4BA62A396A0100B81120 /* LaunchScreen.storyboard */; };
		20FF4BB12A396AA500B81120 /* LineSDK in Frameworks */ = {isa = PBXBuildFile; productRef = 20FF4BB02A396AA500B81120 /* LineSDK */; };
		20FF4BB42A396AC200B81120 /* Gigya in Frameworks */ = {isa = PBXBuildFile; productRef = 20FF4BB32A396AC200B81120 /* Gigya */; };
		20FF4BB62A396AC200B81120 /* GigyaAuth in Frameworks */ = {isa = PBXBuildFile; productRef = 20FF4BB52A396AC200B81120 /* GigyaAuth */; };
		20FF4BB82A396ADA00B81120 /* LineWrapper.swift in Sources */ = {isa = PBXBuildFile; fileRef = 20FF4BB72A396ADA00B81120 /* LineWrapper.swift */; };
/* End PBXBuildFile section */

/* Begin PBXFileReference section */
		20FF4B982A396A0000B81120 /* TestLine.app */ = {isa = PBXFileReference; explicitFileType = wrapper.application; includeInIndex = 0; path = TestLine.app; sourceTree = BUILT_PRODUCTS_DIR; };
		20FF4B9B2A396A0000B81120 /* AppDelegate.swift */ = {isa = PBXFileReference; lastKnownFileType = sourcecode.swift; path = AppDelegate.swift; sourceTree = "<group>"; };
		20FF4B9D2A396A0000B81120 /* SceneDelegate.swift */ = {isa = PBXFileReference; lastKnownFileType = sourcecode.swift; path = SceneDelegate.swift; sourceTree = "<group>"; };
		20FF4B9F2A396A0000B81120 /* ViewController.swift */ = {isa = PBXFileReference; lastKnownFileType = sourcecode.swift; path = ViewController.swift; sourceTree = "<group>"; };
		20FF4BA22A396A0000B81120 /* Base */ = {isa = PBXFileReference; lastKnownFileType = file.storyboard; name = Base; path = Base.lproj/Main.storyboard; sourceTree = "<group>"; };
		20FF4BA42A396A0100B81120 /* Assets.xcassets */ = {isa = PBXFileReference; lastKnownFileType = folder.assetcatalog; path = Assets.xcassets; sourceTree = "<group>"; };
		20FF4BA72A396A0100B81120 /* Base */ = {isa = PBXFileReference; lastKnownFileType = file.storyboard; name = Base; path = Base.lproj/LaunchScreen.storyboard; sourceTree = "<group>"; };
		20FF4BA92A396A0100B81120 /* Info.plist */ = {isa = PBXFileReference; lastKnownFileType = text.plist.xml; path = Info.plist; sourceTree = "<group>"; };
		20FF4BB72A396ADA00B81120 /* LineWrapper.swift */ = {isa = PBXFileReference; fileEncoding = 4; lastKnownFileType = sourcecode.swift; path = LineWrapper.swift; sourceTree = "<group>"; };
/* End PBXFileReference section */

/* Begin PBXFrameworksBuildPhase section */
		20FF4B952A396A0000B81120 /* Frameworks */ = {
			isa = PBXFrameworksBuildPhase;
			buildActionMask = 2147483647;
			files = (
				20FF4BB42A396AC200B81120 /* Gigya in Frameworks */,
				20FF4BB12A396AA500B81120 /* LineSDK in Frameworks */,
				20FF4BB62A396AC200B81120 /* GigyaAuth in Frameworks */,
			);
			runOnlyForDeploymentPostprocessing = 0;
		};
/* End PBXFrameworksBuildPhase section */

/* Begin PBXGroup section */
		20FF4B8F2A396A0000B81120 = {
			isa = PBXGroup;
			children = (
				20FF4B9A2A396A0000B81120 /* TestLine */,
				20FF4B992A396A0000B81120 /* Products */,
			);
			sourceTree = "<group>";
		};
		20FF4B992A396A0000B81120 /* Products */ = {
			isa = PBXGroup;
			children = (
				20FF4B982A396A0000B81120 /* TestLine.app */,
			);
			name = Products;
			sourceTree = "<group>";
		};
		20FF4B9A2A396A0000B81120 /* TestLine */ = {
			isa = PBXGroup;
			children = (
				20FF4B9B2A396A0000B81120 /* AppDelegate.swift */,
				20FF4B9D2A396A0000B81120 /* SceneDelegate.swift */,
				20FF4B9F2A396A0000B81120 /* ViewController.swift */,
				20FF4BB72A396ADA00B81120 /* LineWrapper.swift */,
				20FF4BA12A396A0000B81120 /* Main.storyboard */,
				20FF4BA42A396A0100B81120 /* Assets.xcassets */,
				20FF4BA62A396A0100B81120 /* LaunchScreen.storyboard */,
				20FF4BA92A396A0100B81120 /* Info.plist */,
			);
			path = TestLine;
			sourceTree = "<group>";
		};
/* End PBXGroup section */

/* Begin PBXNativeTarget section */
		20FF4B972A396A0000B81120 /* TestLine */ = {
			isa = PBXNativeTarget;
			buildConfigurationList = 20FF4BAC2A396A0100B81120 /* Build configuration list for PBXNativeTarget "TestLine" */;
			buildPhases = (
				20FF4B942A396A0000B81120 /* Sources */,
				20FF4B952A396A0000B81120 /* Frameworks */,
				20FF4B962A396A0000B81120 /* Resources */,
			);
			buildRules = (
			);
			dependencies = (
			);
			name = TestLine;
			packageProductDependencies = (
				20FF4BB02A396AA500B81120 /* LineSDK */,
				20FF4BB32A396AC200B81120 /* Gigya */,
				20FF4BB52A396AC200B81120 /* GigyaAuth */,
			);
			productName = TestLine;
			productReference = 20FF4B982A396A0000B81120 /* TestLine.app */;
			productType = "com.apple.product-type.application";
		};
/* End PBXNativeTarget section */

/* Begin PBXProject section */
		20FF4B902A396A0000B81120 /* Project object */ = {
			isa = PBXProject;
			attributes = {
				BuildIndependentTargetsInParallel = 1;
				LastSwiftUpdateCheck = 1430;
				LastUpgradeCheck = 1430;
				TargetAttributes = {
					20FF4B972A396A0000B81120 = {
						CreatedOnToolsVersion = 14.3;
					};
				};
			};
			buildConfigurationList = 20FF4B932A396A0000B81120 /* Build configuration list for PBXProject "TestLine" */;
			compatibilityVersion = "Xcode 14.0";
			developmentRegion = en;
			hasScannedForEncodings = 0;
			knownRegions = (
				en,
				Base,
			);
			mainGroup = 20FF4B8F2A396A0000B81120;
			packageReferences = (
				20FF4BAF2A396AA500B81120 /* XCRemoteSwiftPackageReference "line-sdk-ios-swift" */,
				20FF4BB22A396AC200B81120 /* XCRemoteSwiftPackageReference "gigya-swift-sdk" */,
			);
			productRefGroup = 20FF4B992A396A0000B81120 /* Products */;
			projectDirPath = "";
			projectRoot = "";
			targets = (
				20FF4B972A396A0000B81120 /* TestLine */,
			);
		};
/* End PBXProject section */

/* Begin PBXResourcesBuildPhase section */
		20FF4B962A396A0000B81120 /* Resources */ = {
			isa = PBXResourcesBuildPhase;
			buildActionMask = 2147483647;
			files = (
				20FF4BA82A396A0100B81120 /* LaunchScreen.storyboard in Resources */,
				20FF4BA52A396A0100B81120 /* Assets.xcassets in Resources */,
				20FF4BA32A396A0000B81120 /* Main.storyboard in Resources */,
			);
			runOnlyForDeploymentPostprocessing = 0;
		};
/* End PBXResourcesBuildPhase section */

/* Begin PBXSourcesBuildPhase section */
		20FF4B942A396A0000B81120 /* Sources */ = {
			isa = PBXSourcesBuildPhase;
			buildActionMask = 2147483647;
			files = (
				20FF4BA02A396A0000B81120 /* ViewController.swift in Sources */,
				20FF4BB82A396ADA00B81120 /* LineWrapper.swift in Sources */,
				20FF4B9C2A396A0000B81120 /* AppDelegate.swift in Sources */,
				20FF4B9E2A396A0000B81120 /* SceneDelegate.swift in Sources */,
			);
			runOnlyForDeploymentPostprocessing = 0;
		};
/* End PBXSourcesBuildPhase section */

/* Begin PBXVariantGroup section */
		20FF4BA12A396A0000B81120 /* Main.storyboard */ = {
			isa = PBXVariantGroup;
			children = (
				20FF4BA22A396A0000B81120 /* Base */,
			);
			name = Main.storyboard;
			sourceTree = "<group>";
		};
		20FF4BA62A396A0100B81120 /* LaunchScreen.storyboard */ = {
			isa = PBXVariantGroup;
			children = (
				20FF4BA72A396A0100B81120 /* Base */,
			);
			name = LaunchScreen.storyboard;
			sourceTree = "<group>";
		};
/* End PBXVariantGroup section */

/* Begin XCBuildConfiguration section */
		20FF4BAA2A396A0100B81120 /* Debug */ = {
			isa = XCBuildConfiguration;
			buildSettings = {
				ALWAYS_SEARCH_USER_PATHS = NO;
				CLANG_ANALYZER_NONNULL = YES;
				CLANG_ANALYZER_NUMBER_OBJECT_CONVERSION = YES_AGGRESSIVE;
				CLANG_CXX_LANGUAGE_STANDARD = "gnu++20";
				CLANG_ENABLE_MODULES = YES;
				CLANG_ENABLE_OBJC_ARC = YES;
				CLANG_ENABLE_OBJC_WEAK = YES;
				CLANG_WARN_BLOCK_CAPTURE_AUTORELEASING = YES;
				CLANG_WARN_BOOL_CONVERSION = YES;
				CLANG_WARN_COMMA = YES;
				CLANG_WARN_CONSTANT_CONVERSION = YES;
				CLANG_WARN_DEPRECATED_OBJC_IMPLEMENTATIONS = YES;
				CLANG_WARN_DIRECT_OBJC_ISA_USAGE = YES_ERROR;
				CLANG_WARN_DOCUMENTATION_COMMENTS = YES;
				CLANG_WARN_EMPTY_BODY = YES;
				CLANG_WARN_ENUM_CONVERSION = YES;
				CLANG_WARN_INFINITE_RECURSION = YES;
				CLANG_WARN_INT_CONVERSION = YES;
				CLANG_WARN_NON_LITERAL_NULL_CONVERSION = YES;
				CLANG_WARN_OBJC_IMPLICIT_RETAIN_SELF = YES;
				CLANG_WARN_OBJC_LITERAL_CONVERSION = YES;
				CLANG_WARN_OBJC_ROOT_CLASS = YES_ERROR;
				CLANG_WARN_QUOTED_INCLUDE_IN_FRAMEWORK_HEADER = YES;
				CLANG_WARN_RANGE_LOOP_ANALYSIS = YES;
				CLANG_WARN_STRICT_PROTOTYPES = YES;
				CLANG_WARN_SUSPICIOUS_MOVE = YES;
				CLANG_WARN_UNGUARDED_AVAILABILITY = YES_AGGRESSIVE;
				CLANG_WARN_UNREACHABLE_CODE = YES;
				CLANG_WARN__DUPLICATE_METHOD_MATCH = YES;
				COPY_PHASE_STRIP = NO;
				DEBUG_INFORMATION_FORMAT = dwarf;
				ENABLE_STRICT_OBJC_MSGSEND = YES;
				ENABLE_TESTABILITY = YES;
				GCC_C_LANGUAGE_STANDARD = gnu11;
				GCC_DYNAMIC_NO_PIC = NO;
				GCC_NO_COMMON_BLOCKS = YES;
				GCC_OPTIMIZATION_LEVEL = 0;
				GCC_PREPROCESSOR_DEFINITIONS = (
					"DEBUG=1",
					"$(inherited)",
				);
				GCC_WARN_64_TO_32_BIT_CONVERSION = YES;
				GCC_WARN_ABOUT_RETURN_TYPE = YES_ERROR;
				GCC_WARN_UNDECLARED_SELECTOR = YES;
				GCC_WARN_UNINITIALIZED_AUTOS = YES_AGGRESSIVE;
				GCC_WARN_UNUSED_FUNCTION = YES;
				GCC_WARN_UNUSED_VARIABLE = YES;
				IPHONEOS_DEPLOYMENT_TARGET = 16.4;
				MTL_ENABLE_DEBUG_INFO = INCLUDE_SOURCE;
				MTL_FAST_MATH = YES;
				ONLY_ACTIVE_ARCH = YES;
				SDKROOT = iphoneos;
				SWIFT_ACTIVE_COMPILATION_CONDITIONS = DEBUG;
				SWIFT_OPTIMIZATION_LEVEL = "-Onone";
			};
			name = Debug;
		};
		20FF4BAB2A396A0100B81120 /* Release */ = {
			isa = XCBuildConfiguration;
			buildSettings = {
				ALWAYS_SEARCH_USER_PATHS = NO;
				CLANG_ANALYZER_NONNULL = YES;
				CLANG_ANALYZER_NUMBER_OBJECT_CONVERSION = YES_AGGRESSIVE;
				CLANG_CXX_LANGUAGE_STANDARD = "gnu++20";
				CLANG_ENABLE_MODULES = YES;
				CLANG_ENABLE_OBJC_ARC = YES;
				CLANG_ENABLE_OBJC_WEAK = YES;
				CLANG_WARN_BLOCK_CAPTURE_AUTORELEASING = YES;
				CLANG_WARN_BOOL_CONVERSION = YES;
				CLANG_WARN_COMMA = YES;
				CLANG_WARN_CONSTANT_CONVERSION = YES;
				CLANG_WARN_DEPRECATED_OBJC_IMPLEMENTATIONS = YES;
				CLANG_WARN_DIRECT_OBJC_ISA_USAGE = YES_ERROR;
				CLANG_WARN_DOCUMENTATION_COMMENTS = YES;
				CLANG_WARN_EMPTY_BODY = YES;
				CLANG_WARN_ENUM_CONVERSION = YES;
				CLANG_WARN_INFINITE_RECURSION = YES;
				CLANG_WARN_INT_CONVERSION = YES;
				CLANG_WARN_NON_LITERAL_NULL_CONVERSION = YES;
				CLANG_WARN_OBJC_IMPLICIT_RETAIN_SELF = YES;
				CLANG_WARN_OBJC_LITERAL_CONVERSION = YES;
				CLANG_WARN_OBJC_ROOT_CLASS = YES_ERROR;
				CLANG_WARN_QUOTED_INCLUDE_IN_FRAMEWORK_HEADER = YES;
				CLANG_WARN_RANGE_LOOP_ANALYSIS = YES;
				CLANG_WARN_STRICT_PROTOTYPES = YES;
				CLANG_WARN_SUSPICIOUS_MOVE = YES;
				CLANG_WARN_UNGUARDED_AVAILABILITY = YES_AGGRESSIVE;
				CLANG_WARN_UNREACHABLE_CODE = YES;
				CLANG_WARN__DUPLICATE_METHOD_MATCH = YES;
				COPY_PHASE_STRIP = NO;
				DEBUG_INFORMATION_FORMAT = "dwarf-with-dsym";
				ENABLE_NS_ASSERTIONS = NO;
				ENABLE_STRICT_OBJC_MSGSEND = YES;
				GCC_C_LANGUAGE_STANDARD = gnu11;
				GCC_NO_COMMON_BLOCKS = YES;
				GCC_WARN_64_TO_32_BIT_CONVERSION = YES;
				GCC_WARN_ABOUT_RETURN_TYPE = YES_ERROR;
				GCC_WARN_UNDECLARED_SELECTOR = YES;
				GCC_WARN_UNINITIALIZED_AUTOS = YES_AGGRESSIVE;
				GCC_WARN_UNUSED_FUNCTION = YES;
				GCC_WARN_UNUSED_VARIABLE = YES;
				IPHONEOS_DEPLOYMENT_TARGET = 16.4;
				MTL_ENABLE_DEBUG_INFO = NO;
				MTL_FAST_MATH = YES;
				SDKROOT = iphoneos;
				SWIFT_COMPILATION_MODE = wholemodule;
				SWIFT_OPTIMIZATION_LEVEL = "-O";
				VALIDATE_PRODUCT = YES;
			};
			name = Release;
		};
		20FF4BAD2A396A0100B81120 /* Debug */ = {
			isa = XCBuildConfiguration;
			buildSettings = {
				ASSETCATALOG_COMPILER_APPICON_NAME = AppIcon;
				ASSETCATALOG_COMPILER_GLOBAL_ACCENT_COLOR_NAME = AccentColor;
				CODE_SIGN_STYLE = Manual;
				CURRENT_PROJECT_VERSION = 1;
				DEVELOPMENT_TEAM = "";
				GENERATE_INFOPLIST_FILE = YES;
				INFOPLIST_FILE = TestLine/Info.plist;
				INFOPLIST_KEY_UIApplicationSupportsIndirectInputEvents = YES;
				INFOPLIST_KEY_UILaunchStoryboardName = LaunchScreen;
				INFOPLIST_KEY_UIMainStoryboardFile = Main;
				INFOPLIST_KEY_UISupportedInterfaceOrientations_iPad = "UIInterfaceOrientationPortrait UIInterfaceOrientationPortraitUpsideDown UIInterfaceOrientationLandscapeLeft UIInterfaceOrientationLandscapeRight";
				INFOPLIST_KEY_UISupportedInterfaceOrientations_iPhone = "UIInterfaceOrientationPortrait UIInterfaceOrientationLandscapeLeft UIInterfaceOrientationLandscapeRight";
				IPHONEOS_DEPLOYMENT_TARGET = 15.0;
				LD_RUNPATH_SEARCH_PATHS = (
					"$(inherited)",
					"@executable_path/Frameworks",
				);
				MARKETING_VERSION = 1.0;
				PRODUCT_BUNDLE_IDENTIFIER = com.io.teragroup.ontv.dev;
				PRODUCT_NAME = "$(TARGET_NAME)";
				PROVISIONING_PROFILE_SPECIFIER = "";
				SWIFT_EMIT_LOC_STRINGS = YES;
				SWIFT_VERSION = 5.0;
				TARGETED_DEVICE_FAMILY = "1,2";
			};
			name = Debug;
		};
		20FF4BAE2A396A0100B81120 /* Release */ = {
			isa = XCBuildConfiguration;
			buildSettings = {
				ASSETCATALOG_COMPILER_APPICON_NAME = AppIcon;
				ASSETCATALOG_COMPILER_GLOBAL_ACCENT_COLOR_NAME = AccentColor;
				CODE_SIGN_STYLE = Manual;
				CURRENT_PROJECT_VERSION = 1;
				DEVELOPMENT_TEAM = "";
				GENERATE_INFOPLIST_FILE = YES;
				INFOPLIST_FILE = TestLine/Info.plist;
				INFOPLIST_KEY_UIApplicationSupportsIndirectInputEvents = YES;
				INFOPLIST_KEY_UILaunchStoryboardName = LaunchScreen;
				INFOPLIST_KEY_UIMainStoryboardFile = Main;
				INFOPLIST_KEY_UISupportedInterfaceOrientations_iPad = "UIInterfaceOrientationPortrait UIInterfaceOrientationPortraitUpsideDown UIInterfaceOrientationLandscapeLeft UIInterfaceOrientationLandscapeRight";
				INFOPLIST_KEY_UISupportedInterfaceOrientations_iPhone = "UIInterfaceOrientationPortrait UIInterfaceOrientationLandscapeLeft UIInterfaceOrientationLandscapeRight";
				IPHONEOS_DEPLOYMENT_TARGET = 15.0;
				LD_RUNPATH_SEARCH_PATHS = (
					"$(inherited)",
					"@executable_path/Frameworks",
				);
				MARKETING_VERSION = 1.0;
				PRODUCT_BUNDLE_IDENTIFIER = com.io.teragroup.ontv.dev;
				PRODUCT_NAME = "$(TARGET_NAME)";
				PROVISIONING_PROFILE_SPECIFIER = "";
				SWIFT_EMIT_LOC_STRINGS = YES;
				SWIFT_VERSION = 5.0;
				TARGETED_DEVICE_FAMILY = "1,2";
			};
			name = Release;
		};
/* End XCBuildConfiguration section */

/* Begin XCConfigurationList section */
		20FF4B932A396A0000B81120 /* Build configuration list for PBXProject "TestLine" */ = {
			isa = XCConfigurationList;
			buildConfigurations = (
				20FF4BAA2A396A0100B81120 /* Debug */,
				20FF4BAB2A396A0100B81120 /* Release */,
			);
			defaultConfigurationIsVisible = 0;
			defaultConfigurationName = Release;
		};
		20FF4BAC2A396A0100B81120 /* Build configuration list for PBXNativeTarget "TestLine" */ = {
			isa = XCConfigurationList;
			buildConfigurations = (
				20FF4BAD2A396A0100B81120 /* Debug */,
				20FF4BAE2A396A0100B81120 /* Release */,
			);
			defaultConfigurationIsVisible = 0;
			defaultConfigurationName = Release;
		};
/* End XCConfigurationList section */

/* Begin XCRemoteSwiftPackageReference section */
		20FF4BAF2A396AA500B81120 /* XCRemoteSwiftPackageReference "line-sdk-ios-swift" */ = {
			isa = XCRemoteSwiftPackageReference;
			repositoryURL = "https://github.com/line/line-sdk-ios-swift";
			requirement = {
				kind = upToNextMajorVersion;
				minimumVersion = 5.0.0;
			};
		};
		20FF4BB22A396AC200B81120 /* XCRemoteSwiftPackageReference "gigya-swift-sdk" */ = {
			isa = XCRemoteSwiftPackageReference;
			repositoryURL = "https://github.com/SAP/gigya-swift-sdk";
			requirement = {
				kind = upToNextMajorVersion;
				minimumVersion = 1.0.0;
			};
		};
/* End XCRemoteSwiftPackageReference section */

/* Begin XCSwiftPackageProductDependency section */
		20FF4BB02A396AA500B81120 /* LineSDK */ = {
			isa = XCSwiftPackageProductDependency;
			package = 20FF4BAF2A396AA500B81120 /* XCRemoteSwiftPackageReference "line-sdk-ios-swift" */;
			productName = LineSDK;
		};
		20FF4BB32A396AC200B81120 /* Gigya */ = {
			isa = XCSwiftPackageProductDependency;
			package = 20FF4BB22A396AC200B81120 /* XCRemoteSwiftPackageReference "gigya-swift-sdk" */;
			productName = Gigya;
		};
		20FF4BB52A396AC200B81120 /* GigyaAuth */ = {
			isa = XCSwiftPackageProductDependency;
			package = 20FF4BB22A396AC200B81120 /* XCRemoteSwiftPackageReference "gigya-swift-sdk" */;
			productName = GigyaAuth;
		};
/* End XCSwiftPackageProductDependency section */
	};
	rootObject = 20FF4B902A396A0000B81120 /* Project object */;
}
